{
  "version": 4,
  "terraform_version": "1.5.7",
  "serial": 7,
  "lineage": "933e7e27-5a97-4d38-2f77-f6980f4a2a03",
  "outputs": {},
  "resources": [
    {
      "mode": "managed",
      "type": "oci_core_instance",
      "name": "livelabs",
      "provider": "provider[\"registry.terraform.io/hashicorp/oci\"]",
      "instances": [
        {
          "schema_version": 0,
          "attributes": {
            "agent_config": [
              {
                "are_all_plugins_disabled": false,
                "is_management_disabled": false,
                "is_monitoring_disabled": false,
                "plugins_config": []
              }
            ],
            "async": null,
            "availability_config": [
              {
                "is_live_migration_preferred": false,
                "recovery_action": "RESTORE_INSTANCE"
              }
            ],
            "availability_domain": "oesT:US-ASHBURN-AD-1",
            "boot_volume_id": "ocid1.bootvolume.oc1.iad.abuwcljskdrnd7vq5glzgdlacdgt72ontwkywjzxpvh2p3dy5sq32uafclwq",
            "capacity_reservation_id": null,
            "cluster_placement_group_id": null,
            "compartment_id": "ocid1.compartment.oc1..aaaaaaaatyqimmltf4mkqbfsrtpylleczr4o2jo6phv3bcxp7grwbsubxamq",
            "compute_cluster_id": null,
            "create_vnic_details": [
              {
                "assign_ipv6ip": false,
                "assign_private_dns_record": false,
                "assign_public_ip": "true",
                "defined_tags": {
                  "Oracle-Tags.CreateType": "\"user\"",
                  "Oracle-Tags.CreatedBy": "\"default/ley.sylvester@oracle.com\"",
                  "Oracle-Tags.CreatedOn": "\"2026-03-24T22:58:23.256Z\"",
                  "Owner.CreatedOn": "\"2026-03-24T22:58:23.256Z\"",
                  "Owner.Creator": "default/ley.sylvester@oracle.com"
                },
                "display_name": "instance20260324225823",
                "freeform_tags": {},
                "hostname_label": "instance20260324225823",
                "ipv6address_ipv6subnet_cidr_pair_details": [],
                "nsg_ids": [],
                "private_ip": "10.0.0.74",
                "private_ip_id": "",
                "security_attributes": {},
                "skip_source_dest_check": false,
                "subnet_cidr": "",
                "subnet_id": "ocid1.subnet.oc1.iad.aaaaaaaawh2a6i7m7uclhnp3ofyk3jtbuxvcroithx7m7xfmbhf77uksymya",
                "vlan_id": ""
              }
            ],
            "dedicated_vm_host_id": null,
            "defined_tags": {
              "Oracle-Tags.CreateType": "\"user\"",
              "Oracle-Tags.CreatedBy": "\"default/ley.sylvester@oracle.com\"",
              "Oracle-Tags.CreatedOn": "\"2026-03-24T22:58:23.062Z\"",
              "Owner.CreatedOn": "\"2026-03-24T22:58:23.062Z\"",
              "Owner.Creator": "default/ley.sylvester@oracle.com"
            },
            "display_name": "instance20260324225823",
            "extended_metadata": {},
            "fault_domain": "FAULT-DOMAIN-2",
            "freeform_tags": {},
            "hostname_label": "instance20260324225823",
            "id": "ocid1.instance.oc1.iad.anuwcljshhbl7cqc4nyktvdo3xkr2b5eljqex4jpe7csetmdjbbj4heuo63a",
            "image": "ocid1.image.oc1.iad.aaaaaaaaq2oqf226nwptxqvpfh7kgr3ghxpt7prc6v2i3aex2yjalm2vknfa",
            "instance_configuration_id": null,
            "instance_options": [
              {
                "are_legacy_imds_endpoints_disabled": false
              }
            ],
            "ipxe_script": null,
            "is_ai_enterprise_enabled": null,
            "is_cross_numa_node": false,
            "is_pv_encryption_in_transit_enabled": null,
            "launch_mode": "PARAVIRTUALIZED",
            "launch_options": [
              {
                "boot_volume_type": "PARAVIRTUALIZED",
                "firmware": "UEFI_64",
                "is_consistent_volume_naming_enabled": true,
                "is_pv_encryption_in_transit_enabled": false,
                "network_type": "PARAVIRTUALIZED",
                "remote_data_volume_type": "PARAVIRTUALIZED"
              }
            ],
            "launch_volume_attachments": null,
            "licensing_configs": [],
            "metadata": {
              "ssh_authorized_keys": "ssh-rsa AAAAB3NzaC1yc2EAAAADAQABAAACAQC0ukDpcbhEI6wM84m1/gN3EspdPGM+nTFHh/d3uRaBSGWuAVn9NMfykEBdWpiMwEk244IvaU3IXD9I+MTEfh4nCH6cxO6Ot+acNQxyv/WtmeuhKJraiDHbIVYTD3xCChDmw05aczEQN2PzswXOAODL7hKZjm4lQ+kke4BRz8pjZmkjdvA3mLG9nXbqg4pDIxzYS2J37ud3z9vD74K8AYqhGk+smzgI6AXVXcYqXLvh6Z5mQEmGLFMV+RmhRHcUjQR871/EI60u60y0FD7IWvuw7DadXRtmOl60LniI6sr5DAJtjf+4NmGCMgKUdAv/YdyV6sp6UApq7gClN1JZ6kKNuIzjvMjAJiw9DuxJyyUW3fI5Na1Nx47C2jcILGZUGedJHFM4pPc7A79zFKvZXs0Mci1ukmLt8uExqWLbrz2x1eJuvwkOVkZ5W1OCgzyYjtKkE//2N5HebvABT5/8BVag1J/d/Uew2/p57QZroE2ddMpWLK4oDTBFNRIc1u7qSjO/G4TQtBhRDSGCW8w0ZRXzrR2nYPNUwvO/sPNkrSoaPKPURD/ay+Aj0FBCA2CWDTZfGKNr/mKrXlJ4aTCBdt8PODsx1qDexlMdduKsVc9Yx2q1Lt8g1WQ8BjSP6vDpouIQiTkLNJNHK+MXs2PL6tz3CX9UT7ehzWBtG5dHUSJA6Q== ley.sylvester@oracle.com",
              "workshopfiles": "https://objectstorage.us-ashburn-1.oraclecloud.com/p/lq-RHb168OE9MebS7yCZRZWYg81728T2Kl-eJxE8txO5lU-8Wg3xipebfWiKlVYI/n/c4u02/b/livestackbucket/o/retailapp.zip"
            },
            "placement_constraint_details": [],
            "platform_config": [],
            "preemptible_instance_config": [],
            "preserve_boot_volume": null,
            "preserve_data_volumes_created_at_launch": null,
            "private_ip": "10.0.0.74",
            "public_ip": "132.145.150.74",
            "region": "iad",
            "security_attributes": {},
            "security_attributes_state": "STABLE",
            "shape": "VM.Standard.E4.Flex",
            "shape_config": [
              {
                "baseline_ocpu_utilization": "",
                "gpu_description": "",
                "gpus": 0,
                "local_disk_description": "",
                "local_disks": 0,
                "local_disks_total_size_in_gbs": 0,
                "max_vnic_attachments": 4,
                "memory_in_gbs": 64,
                "networking_bandwidth_in_gbps": 4,
                "nvmes": 0,
                "ocpus": 4,
                "processor_description": "2.55 GHz AMD EPYC™ 7J13 (Milan)",
                "resource_management": "",
                "vcpus": 8
              }
            ],
            "source_details": [
              {
                "boot_volume_size_in_gbs": "200",
                "boot_volume_vpus_per_gb": "10",
                "instance_source_image_filter_details": [],
                "is_preserve_boot_volume_enabled": false,
                "kms_key_id": "",
                "source_id": "ocid1.image.oc1.iad.aaaaaaaaq2oqf226nwptxqvpfh7kgr3ghxpt7prc6v2i3aex2yjalm2vknfa",
                "source_type": "image"
              }
            ],
            "state": "RUNNING",
            "subnet_id": "ocid1.subnet.oc1.iad.aaaaaaaawh2a6i7m7uclhnp3ofyk3jtbuxvcroithx7m7xfmbhf77uksymya",
            "system_tags": {},
            "time_created": "2026-03-24 22:58:23.807 +0000 UTC",
            "time_maintenance_reboot_due": "",
            "timeouts": null,
            "update_operation_constraint": null
          },
          "sensitive_attributes": [],
          "private": "eyJlMmJmYjczMC1lY2FhLTExZTYtOGY4OC0zNDM2M2JjN2M0YzAiOnsiY3JlYXRlIjoyNzAwMDAwMDAwMDAwLCJkZWxldGUiOjQ1MDAwMDAwMDAwMDAsInVwZGF0ZSI6MjcwMDAwMDAwMDAwMH19"
        }
      ]
    }
  ],
  "check_results": null
}
